
Microsoft Visual Studio Solution File, Format Version 12.00
# Visual Studio 15
VisualStudioVersion = 15.0.26621.2
MinimumVisualStudioVersion = 10.0.40219.1
Project("{8BC9CEB8-8B4A-11D0-8D11-00A0C91BC942}") = "VByte", "VByte\VByte.vcxproj", "{09E1D378-A532-424A-8474-CF0E286B8AFE}"
EndProject
Project("{FAE04EC0-301F-11D3-BF4B-00C04F79EFBC}") = "VByteNetCore", "VByteNetCore\VByteNetCore.csproj", "{9FB5FFBC-EE6B-49F2-9E4A-DF5644F6967C}"
EndProject
Project("{FAE04EC0-301F-11D3-BF4B-00C04F79EFBC}") = "VByteNetCoreBenchmark", "VByteNetCoreBenchmark\VByteNetCoreBenchmark.csproj", "{FD5945B6-6F98-4866-ABC4-CFA116429881}"
EndProject
Global
	GlobalSection(SolutionConfigurationPlatforms) = preSolution
		Debug|Any CPU = Debug|Any CPU
		Debug|x64 = Debug|x64
		Debug|x86 = Debug|x86
		Release|Any CPU = Release|Any CPU
		Release|x64 = Release|x64
		Release|x86 = Release|x86
	EndGlobalSection
	GlobalSection(ProjectConfigurationPlatforms) = postSolution
		{09E1D378-A532-424A-8474-CF0E286B8AFE}.Debug|Any CPU.ActiveCfg = Debug|x64
		{09E1D378-A532-424A-8474-CF0E286B8AFE}.Debug|x64.ActiveCfg = Debug|x64
		{09E1D378-A532-424A-8474-CF0E286B8AFE}.Debug|x64.Build.0 = Debug|x64
		{09E1D378-A532-424A-8474-CF0E286B8AFE}.Debug|x86.ActiveCfg = Debug|Win32
		{09E1D378-A532-424A-8474-CF0E286B8AFE}.Debug|x86.Build.0 = Debug|Win32
		{09E1D378-A532-424A-8474-CF0E286B8AFE}.Release|Any CPU.ActiveCfg = Release|Win32
		{09E1D378-A532-424A-8474-CF0E286B8AFE}.Release|x64.ActiveCfg = Release|x64
		{09E1D378-A532-424A-8474-CF0E286B8AFE}.Release|x64.Build.0 = Release|x64
		{09E1D378-A532-424A-8474-CF0E286B8AFE}.Release|x86.ActiveCfg = Release|Win32
		{09E1D378-A532-424A-8474-CF0E286B8AFE}.Release|x86.Build.0 = Release|Win32
		{9FB5FFBC-EE6B-49F2-9E4A-DF5644F6967C}.Debug|Any CPU.ActiveCfg = Debug|Any CPU
		{9FB5FFBC-EE6B-49F2-9E4A-DF5644F6967C}.Debug|Any CPU.Build.0 = Debug|Any CPU
		{9FB5FFBC-EE6B-49F2-9E4A-DF5644F6967C}.Debug|x64.ActiveCfg = Debug|Any CPU
		{9FB5FFBC-EE6B-49F2-9E4A-DF5644F6967C}.Debug|x64.Build.0 = Debug|Any CPU
		{9FB5FFBC-EE6B-49F2-9E4A-DF5644F6967C}.Debug|x86.ActiveCfg = Debug|Any CPU
		{9FB5FFBC-EE6B-49F2-9E4A-DF5644F6967C}.Debug|x86.Build.0 = Debug|Any CPU
		{9FB5FFBC-EE6B-49F2-9E4A-DF5644F6967C}.Release|Any CPU.ActiveCfg = Release|Any CPU
		{9FB5FFBC-EE6B-49F2-9E4A-DF5644F6967C}.Release|Any CPU.Build.0 = Release|Any CPU
		{9FB5FFBC-EE6B-49F2-9E4A-DF5644F6967C}.Release|x64.ActiveCfg = Release|Any CPU
		{9FB5FFBC-EE6B-49F2-9E4A-DF5644F6967C}.Release|x64.Build.0 = Release|Any CPU
		{9FB5FFBC-EE6B-49F2-9E4A-DF5644F6967C}.Release|x86.ActiveCfg = Release|Any CPU
		{9FB5FFBC-EE6B-49F2-9E4A-DF5644F6967C}.Release|x86.Build.0 = Release|Any CPU
		{FD5945B6-6F98-4866-ABC4-CFA116429881}.Debug|Any CPU.ActiveCfg = Debug|Any CPU
		{FD5945B6-6F98-4866-ABC4-CFA116429881}.Debug|Any CPU.Build.0 = Debug|Any CPU
		{FD5945B6-6F98-4866-ABC4-CFA116429881}.Debug|x64.ActiveCfg = Debug|Any CPU
		{FD5945B6-6F98-4866-ABC4-CFA116429881}.Debug|x64.Build.0 = Debug|Any CPU
		{FD5945B6-6F98-4866-ABC4-CFA116429881}.Debug|x86.ActiveCfg = Debug|Any CPU
		{FD5945B6-6F98-4866-ABC4-CFA116429881}.Debug|x86.Build.0 = Debug|Any CPU
		{FD5945B6-6F98-4866-ABC4-CFA116429881}.Release|Any CPU.ActiveCfg = Release|Any CPU
		{FD5945B6-6F98-4866-ABC4-CFA116429881}.Release|Any CPU.Build.0 = Release|Any CPU
		{FD5945B6-6F98-4866-ABC4-CFA116429881}.Release|x64.ActiveCfg = Release|Any CPU
		{FD5945B6-6F98-4866-ABC4-CFA116429881}.Release|x64.Build.0 = Release|Any CPU
		{FD5945B6-6F98-4866-ABC4-CFA116429881}.Release|x86.ActiveCfg = Release|Any CPU
		{FD5945B6-6F98-4866-ABC4-CFA116429881}.Release|x86.Build.0 = Release|Any CPU
	EndGlobalSection
	GlobalSection(SolutionProperties) = preSolution
		HideSolutionNode = FALSE
	EndGlobalSection
	GlobalSection(ExtensibilityGlobals) = postSolution
		SolutionGuid = {F88E6206-CE92-42BA-A503-202D6E135BE5}
	EndGlobalSection
EndGlobal
